# This file is generated by running "yarn install" inside your project.
# Manual changes might be lost - proceed with caution!

__metadata:
  version: 6
  cacheKey: 8

"datetimepicker@npm:^0.1.39":
  version: 0.1.39
  resolution: "datetimepicker@npm:0.1.39"
  peerDependencies:
    jquery: ">=1.0.0"
  checksum: 4a9be30e7c336ecf687d1d1a355146a9df31173e2490aa704c6f1d8a9b1aaceccbd5f3ae245402231950b2391af98d0739c7c345a5aaf1e7d790519d817a7fa4
  languageName: node
  linkType: hard

"flatpickr@npm:^4.6.13":
  version: 4.6.13
  resolution: "flatpickr@npm:4.6.13"
  checksum: 2cca1b8dc974e7673b51174ee3f0679ae3a6b79525a0c53bf49b87455ef358354e64acfd60b312e44cef208aab9750a1a48df32a0914046a53de6d9403742304
  languageName: node
  linkType: hard

"fontawesome-4.7@npm:^4.7.0":
  version: 4.7.0
  resolution: "fontawesome-4.7@npm:4.7.0"
  checksum: 91469702388942db70cc113f24e7f9523648447176c75cb203c23493979634525cfcc313fe6f9770026c74b664f911bcd439ac22fe2b11d50ad0b8204546e79f
  languageName: node
  linkType: hard

"free-jqgrid@npm:^4.15.5":
  version: 4.15.5
  resolution: "free-jqgrid@npm:4.15.5"
  checksum: 34ffde504b5c118bab39e873b2fc0595e7716bba11825ff0b2c357e3c0b4feef48da6882e5820a35b6319cd3f388bf32528413f3cc234e812dcae6db549d33ab
  languageName: node
  linkType: hard

"jquery-migrate@npm:^3.4.1":
  version: 3.4.1
  resolution: "jquery-migrate@npm:3.4.1"
  peerDependencies:
    jquery: ">=3 <4"
  checksum: d2cb17d055672d4030788e0e1625aa27e33344fc2e5cb69d4f209ae3baedc6cf16142ad55d09c24fa0fe3aa64a7e1e803b6622bd7022e011293f2d294ce1e864
  languageName: node
  linkType: hard

"jquery-sparkline@npm:^2.4.0":
  version: 2.4.0
  resolution: "jquery-sparkline@npm:2.4.0"
  checksum: c0d9075a1b1f343b3f2ae3ea788a8dfc7a0dc74d00d2239b5ea9c2d90bab3ebefe889a1cb6ee74d23b034fe02441c44c87503a8610c376de868c27d44a46598c
  languageName: node
  linkType: hard

"jquery-ui-multiselect-widget@npm:^3.0.1":
  version: 3.0.1
  resolution: "jquery-ui-multiselect-widget@npm:3.0.1"
  dependencies:
    jquery: ">=1.8.0"
    jquery-ui: ^1.11.0
  checksum: ac5023bb7f5b70c11a65af284792c9d86b8502925192d3a004de69a8dcfc675b1c3c1ce1b3598644ab6790b2b20b68112179ba8a5356b06975078de97fd74701
  languageName: node
  linkType: hard

"jquery-ui-timepicker-addon@npm:^1.6.3":
  version: 1.6.3
  resolution: "jquery-ui-timepicker-addon@npm:1.6.3"
  checksum: d6e0eaff4f7b90541f43079880fc2e556316ab06382228bb037d728cbc6e46c35a6fe379aca8a7a0ca5f25e48d7b2c48ee83cb8b8d3a602c20b2b5400d0b19d7
  languageName: node
  linkType: hard

"jquery-ui@npm:^1.11.0, jquery-ui@npm:^1.13.2":
  version: 1.13.2
  resolution: "jquery-ui@npm:1.13.2"
  dependencies:
    jquery: ">=1.8.0 <4.0.0"
  checksum: 0d04a4b86e703d6ff71bcc37335f99be137b03fa24fa22f00f61f5aac132e7143b7d6dd9973ad4f72366e102826e417bc3d88c1640f7dd824961a7131bd3966a
  languageName: node
  linkType: hard

"jquery.browser@npm:^0.1.0":
  version: 0.1.0
  resolution: "jquery.browser@npm:0.1.0"
  checksum: c864b1093a4ddfb07231b52bb26a40928b2b09ae5960105175f2204efd349c4ad1b8327c63ac776df1f506c2592523953f3ec8c7f1bd3ac41e835245f1ea9360
  languageName: node
  linkType: hard

"jquery.tipsy@npm:^1.0.3":
  version: 1.0.3
  resolution: "jquery.tipsy@npm:1.0.3"
  dependencies:
    jquery: "*"
  checksum: a910481a140fe4e998903b4cb01abf4fe51db5014be0ab2315d2f2844e0949cf72aab2b1552b321cb6ba3eabb96527cc47886572683138400c3b64aeb5becd29
  languageName: node
  linkType: hard

"jquery@npm:*, jquery@npm:>=1.8.0, jquery@npm:>=1.8.0 <4.0.0, jquery@npm:^3.7.1":
  version: 3.7.1
  resolution: "jquery@npm:3.7.1"
  checksum: 4370b8139d6ae82867eb6f7f21d1edccf1d1bdf41c0840920ea80d366c2cd5dbe1ceebb110ee9772aa839b04400faa1572c5c560b507c688ed7b61cea26c0e27
  languageName: node
  linkType: hard

"notifyjs-browser@npm:^0.4.2":
  version: 0.4.2
  resolution: "notifyjs-browser@npm:0.4.2"
  peerDependencies:
    jquery: ">=1.11.0"
  checksum: 7ff51bec9acdea25de8c1615c4fc9d4bf0ee78c789c260a204317136c514224916d295fa56b7c065ef9354d9b3db9163be4aca760f7f79ae896722acd608d9ca
  languageName: node
  linkType: hard

"phpGridx@workspace:.":
  version: 0.0.0-use.local
  resolution: "phpGridx@workspace:."
  dependencies:
    datetimepicker: ^0.1.39
    flatpickr: ^4.6.13
    fontawesome-4.7: ^4.7.0
    free-jqgrid: ^4.15.5
    jquery: ^3.7.1
    jquery-migrate: ^3.4.1
    jquery-sparkline: ^2.4.0
    jquery-ui: ^1.13.2
    jquery-ui-multiselect-widget: ^3.0.1
    jquery-ui-timepicker-addon: ^1.6.3
    jquery.browser: ^0.1.0
    jquery.tipsy: ^1.0.3
    notifyjs-browser: ^0.4.2
    select2: ^4.1.0-rc.0
    trumbowyg: ^2.27.3
  languageName: unknown
  linkType: soft

"select2@npm:^4.1.0-rc.0":
  version: 4.1.0-rc.0
  resolution: "select2@npm:4.1.0-rc.0"
  checksum: c27cefc3967d2082b2887869e8379f6e8e0ec2e02a268b7abbaec87fbda20abe4d62ac008b87a14f17bfa46dd27aa0b33ee793ed30142e3bc30ba408e208ad20
  languageName: node
  linkType: hard

"trumbowyg@npm:^2.27.3":
  version: 2.27.3
  resolution: "trumbowyg@npm:2.27.3"
  peerDependencies:
    jquery: ">=1.8"
  checksum: d10b6515891e25ff476823fcad809643045bef6074c5dc24fbd5b34e990a3546a552440908de71e9417c7598735760273ec2566ca28096f7a4bc8ac4f8ed5066
  languageName: node
  linkType: hard
